
Microsoft Visual Studio Solution File, Format Version 12.00
# Visual Studio Version 17
VisualStudioVersion = 17.1.32421.90
MinimumVisualStudioVersion = 10.0.40219.1
Project("{FAE04EC0-301F-11D3-BF4B-00C04F79EFBC}") = "WinFormBasics", "WinFormBasics\WinFormBasics.csproj", "{1507C5EB-D120-471A-BEAD-F7BE4C948B17}"
EndProject
Project("{FAE04EC0-301F-11D3-BF4B-00C04F79EFBC}") = "WinFormsMVC", "WinFormsMVC\WinFormsMVC.csproj", "{D02A4B1F-3711-4060-AFBA-14A6F51EA86E}"
EndProject
Project("{FAE04EC0-301F-11D3-BF4B-00C04F79EFBC}") = "WpfAppDemo", "WpfAppDemo\WpfAppDemo.csproj", "{5AAD24AC-A9CC-4F55-ABC6-40BD16CC89A9}"
EndProject
Global
	GlobalSection(SolutionConfigurationPlatforms) = preSolution
		Debug|Any CPU = Debug|Any CPU
		Release|Any CPU = Release|Any CPU
	EndGlobalSection
	GlobalSection(ProjectConfigurationPlatforms) = postSolution
		{1507C5EB-D120-471A-BEAD-F7BE4C948B17}.Debug|Any CPU.ActiveCfg = Debug|Any CPU
		{1507C5EB-D120-471A-BEAD-F7BE4C948B17}.Debug|Any CPU.Build.0 = Debug|Any CPU
		{1507C5EB-D120-471A-BEAD-F7BE4C948B17}.Release|Any CPU.ActiveCfg = Release|Any CPU
		{1507C5EB-D120-471A-BEAD-F7BE4C948B17}.Release|Any CPU.Build.0 = Release|Any CPU
		{D02A4B1F-3711-4060-AFBA-14A6F51EA86E}.Debug|Any CPU.ActiveCfg = Debug|Any CPU
		{D02A4B1F-3711-4060-AFBA-14A6F51EA86E}.Debug|Any CPU.Build.0 = Debug|Any CPU
		{D02A4B1F-3711-4060-AFBA-14A6F51EA86E}.Release|Any CPU.ActiveCfg = Release|Any CPU
		{D02A4B1F-3711-4060-AFBA-14A6F51EA86E}.Release|Any CPU.Build.0 = Release|Any CPU
		{5AAD24AC-A9CC-4F55-ABC6-40BD16CC89A9}.Debug|Any CPU.ActiveCfg = Debug|Any CPU
		{5AAD24AC-A9CC-4F55-ABC6-40BD16CC89A9}.Debug|Any CPU.Build.0 = Debug|Any CPU
		{5AAD24AC-A9CC-4F55-ABC6-40BD16CC89A9}.Release|Any CPU.ActiveCfg = Release|Any CPU
		{5AAD24AC-A9CC-4F55-ABC6-40BD16CC89A9}.Release|Any CPU.Build.0 = Release|Any CPU
	EndGlobalSection
	GlobalSection(SolutionProperties) = preSolution
		HideSolutionNode = FALSE
	EndGlobalSection
	GlobalSection(ExtensibilityGlobals) = postSolution
		SolutionGuid = {2472A26D-F0C8-4B1F-8FCB-60AEAB340465}
	EndGlobalSection
EndGlobal
