
Microsoft Visual Studio Solution File, Format Version 12.00
# Visual Studio Version 16
VisualStudioVersion = 16.0.32510.428
MinimumVisualStudioVersion = 10.0.40219.1
Project("{9A19103F-16F7-4668-BE54-9A1E7A4F7556}") = "HPlusSport.API", "HPlusSport.API\HPlusSport.API.csproj", "{229DE84D-6831-49BF-942E-7D6F31D5E59D}"
EndProject
Project("{9A19103F-16F7-4668-BE54-9A1E7A4F7556}") = "HPlusSport.Web", "HPlusSport.Web\HPlusSport.Web.csproj", "{3CF808E3-728C-4C88-A481-4FB90FB16629}"
EndProject
Project("{9A19103F-16F7-4668-BE54-9A1E7A4F7556}") = "HPlusSport.Console", "HplusSport.Console\HPlusSport.Console.csproj", "{A97B7CFF-080C-4151-AB55-4894D18C97FE}"
EndProject
Project("{FAE04EC0-301F-11D3-BF4B-00C04F79EFBC}") = "HPlusSport.IdentitySever", "HPlusSport.IdentitySever\HPlusSport.IdentitySever.csproj", "{71B79650-1466-41B3-8593-772355B73966}"
EndProject
Global
	GlobalSection(SolutionConfigurationPlatforms) = preSolution
		Debug|Any CPU = Debug|Any CPU
		Release|Any CPU = Release|Any CPU
	EndGlobalSection
	GlobalSection(ProjectConfigurationPlatforms) = postSolution
		{229DE84D-6831-49BF-942E-7D6F31D5E59D}.Debug|Any CPU.ActiveCfg = Debug|Any CPU
		{229DE84D-6831-49BF-942E-7D6F31D5E59D}.Debug|Any CPU.Build.0 = Debug|Any CPU
		{229DE84D-6831-49BF-942E-7D6F31D5E59D}.Release|Any CPU.ActiveCfg = Release|Any CPU
		{229DE84D-6831-49BF-942E-7D6F31D5E59D}.Release|Any CPU.Build.0 = Release|Any CPU
		{3CF808E3-728C-4C88-A481-4FB90FB16629}.Debug|Any CPU.ActiveCfg = Debug|Any CPU
		{3CF808E3-728C-4C88-A481-4FB90FB16629}.Debug|Any CPU.Build.0 = Debug|Any CPU
		{3CF808E3-728C-4C88-A481-4FB90FB16629}.Release|Any CPU.ActiveCfg = Release|Any CPU
		{3CF808E3-728C-4C88-A481-4FB90FB16629}.Release|Any CPU.Build.0 = Release|Any CPU
		{A97B7CFF-080C-4151-AB55-4894D18C97FE}.Debug|Any CPU.ActiveCfg = Debug|Any CPU
		{A97B7CFF-080C-4151-AB55-4894D18C97FE}.Debug|Any CPU.Build.0 = Debug|Any CPU
		{A97B7CFF-080C-4151-AB55-4894D18C97FE}.Release|Any CPU.ActiveCfg = Release|Any CPU
		{A97B7CFF-080C-4151-AB55-4894D18C97FE}.Release|Any CPU.Build.0 = Release|Any CPU
		{71B79650-1466-41B3-8593-772355B73966}.Debug|Any CPU.ActiveCfg = Debug|Any CPU
		{71B79650-1466-41B3-8593-772355B73966}.Debug|Any CPU.Build.0 = Debug|Any CPU
		{71B79650-1466-41B3-8593-772355B73966}.Release|Any CPU.ActiveCfg = Release|Any CPU
		{71B79650-1466-41B3-8593-772355B73966}.Release|Any CPU.Build.0 = Release|Any CPU
	EndGlobalSection
	GlobalSection(SolutionProperties) = preSolution
		HideSolutionNode = FALSE
	EndGlobalSection
	GlobalSection(ExtensibilityGlobals) = postSolution
		SolutionGuid = {D1CD36F4-6407-4C20-A4BB-4F42330312FF}
	EndGlobalSection
EndGlobal
